
Microsoft Visual Studio Solution File, Format Version 12.00
# Visual Studio Version 16
VisualStudioVersion = 16.0.30907.101
MinimumVisualStudioVersion = 10.0.40219.1
Project("{FAE04EC0-301F-11D3-BF4B-00C04F79EFBC}") = "TradePlusAdmin", "TradePlusAdmin\TradePlusAdmin.csproj", "{59C9D70E-5A11-416B-B48C-A8F9AB0A6D95}"
EndProject
Project("{9A19103F-16F7-4668-BE54-9A1E7A4F7556}") = "CommonLibrary", "CommonLibrary\CommonLibrary.csproj", "{EB8B23CF-D3C7-475C-8E15-A93D6ECB433B}"
EndProject
Global
	GlobalSection(SolutionConfigurationPlatforms) = preSolution
		Debug|Any CPU = Debug|Any CPU
		Release|Any CPU = Release|Any CPU
	EndGlobalSection
	GlobalSection(ProjectConfigurationPlatforms) = postSolution
		{59C9D70E-5A11-416B-B48C-A8F9AB0A6D95}.Debug|Any CPU.ActiveCfg = Debug|Any CPU
		{59C9D70E-5A11-416B-B48C-A8F9AB0A6D95}.Debug|Any CPU.Build.0 = Debug|Any CPU
		{59C9D70E-5A11-416B-B48C-A8F9AB0A6D95}.Release|Any CPU.ActiveCfg = Release|Any CPU
		{59C9D70E-5A11-416B-B48C-A8F9AB0A6D95}.Release|Any CPU.Build.0 = Release|Any CPU
		{EB8B23CF-D3C7-475C-8E15-A93D6ECB433B}.Debug|Any CPU.ActiveCfg = Debug|Any CPU
		{EB8B23CF-D3C7-475C-8E15-A93D6ECB433B}.Debug|Any CPU.Build.0 = Debug|Any CPU
		{EB8B23CF-D3C7-475C-8E15-A93D6ECB433B}.Release|Any CPU.ActiveCfg = Release|Any CPU
		{EB8B23CF-D3C7-475C-8E15-A93D6ECB433B}.Release|Any CPU.Build.0 = Release|Any CPU
	EndGlobalSection
	GlobalSection(SolutionProperties) = preSolution
		HideSolutionNode = FALSE
	EndGlobalSection
	GlobalSection(ExtensibilityGlobals) = postSolution
		SolutionGuid = {813A3C68-C73A-47FB-9FB7-BDDD36BE0BA7}
	EndGlobalSection
EndGlobal
